lockfileVersion: '9.0'

settings:
  autoInstallPeers: true
  excludeLinksFromLockfile: false

importers:

  .:
    devDependencies:
      bun:
        specifier: 1.4.2
        version: 1.4.2

  apps/cli:
    dependencies:
      '@homerun/client':
        specifier: workspace:*
        version: link:../../packages/client
      '@homerun/core':
        specifier: workspace:*
        version: link:../../packages/core
      zod:
        specifier: 4.6.5
        version: 4.6.5
    devDependencies:
      '@homerun/homerund':
        specifier: workspace:*
        version: link:../homerund
      '@types/bun':
        specifier: 1.3.14
        version: 1.3.14
      typescript:
        specifier: 5.9.3
        version: 5.9.3

  apps/desktop:
    devDependencies:
      '@tauri-apps/cli':
        specifier: 2.11.5
        version: 2.11.5

  apps/homerund:
    dependencies:
      '@anthropic-ai/claude-agent-sdk':
        specifier: 0.3.278
        version: 0.3.278(@anthropic-ai/sdk@0.127.0(zod@4.6.5))(@modelcontextprotocol/sdk@1.30.0(zod@4.6.5))(zod@4.6.5)
      '@homerun/client':
        specifier: workspace:*
        version: link:../../packages/client
      '@homerun/core':
        specifier: workspace:*
        version: link:../../packages/core
      zod:
        specifier: 4.6.5
        version: 4.6.5
    devDependencies:
      '@types/bun':
        specifier: 1.3.14
        version: 1.3.14
      typescript:
        specifier: 5.9.3
        version: 5.9.3

  packages/app-state:
    dependencies:
      '@homerun/core':
        specifier: workspace:*
        version: link:../core
      marked:
        specifier: 18.0.14
        version: 18.0.14
    devDependencies:
      '@types/bun':
        specifier: 1.3.14
        version: 1.3.14
      typescript:
        specifier: 5.9.3
        version: 5.9.3

  packages/client:
    dependencies:
      '@homerun/core':
        specifier: workspace:*
        version: link:../core
    devDependencies:
      '@types/bun':
        specifier: 1.3.14
        version: 1.3.14
      typescript:
        specifier: 5.9.3
        version: 5.9.3

  packages/core:
    dependencies:
      zod:
        specifier: 4.6.5
        version: 4.6.5
    devDependencies:
      '@types/bun':
        specifier: 1.3.14
        version: 1.3.14
      ajv:
        specifier: 8.20.0
        version: 8.20.0
      typescript:
        specifier: 5.9.3
        version: 5.9.3

  spikes/homerund-m0:
    dependencies:
      '@anthropic-ai/claude-agent-sdk':
        specifier: 0.3.278
        version: 0.3.278(@anthropic-ai/sdk@0.127.0(zod@4.6.5))(@modelcontextprotocol/sdk@1.30.0(zod@4.6.5))(zod@4.6.5)
      '@homerun/core':
        specifier: workspace:*
        version: link:../../packages/core
    devDependencies:
      '@types/bun':
        specifier: 1.3.14
        version: 1.3.14
      typescript:
        specifier: 5.9.3
        version: 5.9.3

  spikes/sdk:
    dependencies:
      '@anthropic-ai/claude-agent-sdk':
        specifier: 0.3.278
        version: 0.3.278(@anthropic-ai/sdk@0.127.0(zod@4.6.5))(@modelcontextprotocol/sdk@1.30.0(zod@4.6.5))(zod@4.6.5)
    devDependencies:
      '@types/bun':
        specifier: 1.3.14
        version: 1.3.14
      typescript:
        specifier: 5.9.3
        version: 5.9.3

packages:

  '@anthropic-ai/claude-agent-sdk-darwin-arm64@0.3.278':
    resolution: {integrity: sha512-lwkbWfYucsgiFo6mWF3Dw7ImohlWXEkkh+4e93EpeVPCxwN4IJuLztFkl28qEwY17sZ9SYQw1mRksKauqKccqg==}
    cpu: [arm64]
    os: [darwin]

  '@anthropic-ai/claude-agent-sdk-darwin-x64@0.3.278':
    resolution: {integrity: sha512-IYTWl9mVeXe1GnHPkpw04p+fZ23zgTBuxNXv06h7xgjSZ7zhudL05d6NpkY5T13m/zL5b+fyYkXxGciTXVhiUg==}
    cpu: [x64]
    os: [darwin]

  '@anthropic-ai/claude-agent-sdk-linux-arm64-musl@0.3.278':
    resolution: {integrity: sha512-xbNx5TXiAr9REDh7znPnkvR8GoBe8A653hYXaVq+fNNLjXidOIvOhICMyUUrBC+wgZV1FenC46oSPIMH4n+EOQ==}
    cpu: [arm64]
    os: [linux]
    libc: [musl]

  '@anthropic-ai/claude-agent-sdk-linux-arm64@0.3.278':
    resolution: {integrity: sha512-gt03vjRLsfnT3NyOaCVZFdM6V6p0NNGxhUr6e0Yfd9a28LlIeUtNB/kMtFJDibDtsjVi4Mp+Wj9R7dsXPLOFfw==}
    cpu: [arm64]
    os: [linux]
    libc: [glibc]

  '@anthropic-ai/claude-agent-sdk-linux-x64-musl@0.3.278':
    resolution: {integrity: sha512-OJ103bvIglKrp7LLS3Bpiy9ISnFIvUikcg5kJVqovA+uU/ElP96v3kCUli7nUL75TnguSL0PwdAb/rYujycLqQ==}
    cpu: [x64]
    os: [linux]
    libc: [musl]

  '@anthropic-ai/claude-agent-sdk-linux-x64@0.3.278':
    resolution: {integrity: sha512-xbW4MkKyPMKdWzdA499WnAP9H7p8YlMsQCVEVyz6CemePZPSLwBP9GBeUTnSS57+MievEqj8knckJPVv5I3+yw==}
    cpu: [x64]
    os: [linux]
    libc: [glibc]

  '@anthropic-ai/claude-agent-sdk-win32-arm64@0.3.278':
    resolution: {integrity: sha512-r75c3+Ymw4bn+If8LCoYLaYu5xXH8tWtP1xsd6KNtwda0KjFJA6/wmgicwCi3W+Vcdw6AfoFtYCQ0Sl1YwePwg==}
    cpu: [arm64]
    os: [win32]

  '@anthropic-ai/claude-agent-sdk-win32-x64@0.3.278':
    resolution: {integrity: sha512-+7nMK4AYzeNFdqxYP80v2ialF6t29Z46rXeV6NF77xXc1+kqCm6hwOMFXhJkP8EEEclFatyjdU/Dij5vM5YSNA==}
    cpu: [x64]
    os: [win32]

  '@anthropic-ai/claude-agent-sdk@0.3.278':
    resolution: {integrity: sha512-hXfjyiGraqYul6gq7R7+WmktxJfy9S29Yrx1WK6jQpsYcipf1CYIoYSh22SpGOR3FGiEmeuzXg5U9ncOk19Fww==}
    engines: {node: '>=18.0.0'}
    peerDependencies:
      '@anthropic-ai/sdk': '>=0.93.0'
      '@modelcontextprotocol/sdk': ^1.29.0
      zod: ^4.0.0

  '@anthropic-ai/sdk@0.127.0':
    resolution: {integrity: sha512-OKiVbG9LHCxjn4fBJZJFy/Bz3hqE1RYpwaeSEDNheQnvz0XNKmGT/Lhkz2Sf1a27Ldt3vVv+BkU81I0U/8EpoQ==}
    hasBin: true
    peerDependencies:
      zod: ^3.25.0 || ^4.0.0
    peerDependenciesMeta:
      zod:
        optional: true

  '@babel/runtime@7.29.7':
    resolution: {integrity: sha1-EgIkUMRaTabY2Ch7GKT/Ldsj92g=}
    engines: {node: '>=6.9.0'}

  '@hono/node-server@2.1.1':
    resolution: {integrity: sha1-nPqGSensvNSO31BbEDACQC6lHnA=}
    engines: {node: '>=20'}
    peerDependencies:
      hono: ^4

  '@modelcontextprotocol/sdk@1.30.0':
    resolution: {integrity: sha1-36ikg0fsLSwNR5F9fcV/dU439f8=}
    engines: {node: '>=18'}
    peerDependencies:
      '@cfworker/json-schema': ^4.1.1
      zod: ^3.25 || ^4.0
    peerDependenciesMeta:
      '@cfworker/json-schema':
        optional: true

  '@oven/bun-darwin-aarch64@1.4.2':
    resolution: {integrity: sha1-Cu+Dq01NDvz+rsbjyL5aE6Nc/Yc=}
    cpu: [arm64]
    os: [darwin]

  '@oven/bun-darwin-x64@1.4.2':
    resolution: {integrity: sha1-AW7pAu25M27g1VuYjlHZRGs/nN0=}
    cpu: [x64]
    os: [darwin]

  '@oven/bun-freebsd-aarch64@1.4.2':
    resolution: {integrity: sha1-vx7yKaOWSsG4dli8dZjT34OXv6U=}
    cpu: [arm64]
    os: [freebsd]

  '@oven/bun-freebsd-x64@1.4.2':
    resolution: {integrity: sha1-DgKbzPkQ99CZ5LRZ555uaqasJhU=}
    cpu: [x64]
    os: [freebsd]

  '@oven/bun-linux-aarch64-android@1.4.2':
    resolution: {integrity: sha1-UlY6iipmxceBbfqRXIZpFcjlrbE=}
    cpu: [arm64]
    os: [android]

  '@oven/bun-linux-aarch64-musl@1.4.2':
    resolution: {integrity: sha1-HyEWCCzI1Y123jU2orC21zpBNSE=}
    cpu: [arm64]
    os: [linux]
    libc: [musl]

  '@oven/bun-linux-aarch64@1.4.2':
    resolution: {integrity: sha1-37AeCQcLFwzbcdAiX5xF+sKtc+M=}
    cpu: [arm64]
    os: [linux]
    libc: [glibc]

  '@oven/bun-linux-x64-android@1.4.2':
    resolution: {integrity: sha1-r9EnqXSC0jpzwnf4gPrkn8eDhUc=}
    cpu: [x64]
    os: [android]

  '@oven/bun-linux-x64-musl@1.4.2':
    resolution: {integrity: sha512-vVTKUg1bnPhRP/Hp73jIVoFh2vPFNYEqYX0ERKfZBOQEEHitNAeukZzzuUDZS0SoDCIpuWUGSpd/CDMbjdR+Uw==}
    cpu: [x64]
    os: [linux]
    libc: [musl]

  '@oven/bun-linux-x64@1.4.2':
    resolution: {integrity: sha1-0d++6KAD1tICyGv9bA1yhHStEKg=}
    cpu: [x64]
    os: [linux]
    libc: [glibc]

  '@oven/bun-windows-aarch64@1.4.2':
    resolution: {integrity: sha1-bSGG/YeHGSqQSnpaLbjXCCDo08Q=}
    cpu: [arm64]
    os: [win32]

  '@oven/bun-windows-x64@1.4.2':
    resolution: {integrity: sha1-9e3pQF7Y310O7mLftB3jFudRGbk=}
    cpu: [x64]
    os: [win32]

  '@stablelib/base64@1.0.1':
    resolution: {integrity: sha1-vfwcbTpi16O3u8ZbbM4btFYWQb4=}

  '@tauri-apps/cli-darwin-arm64@2.11.5':
    resolution: {integrity: sha512-tggOiVOohjIHdiElbjeBfB41s6cmfsq+ZQ0PX0fEtCdsDdZ9cCi54e5gNK7tdPbR6JbdDe7RA4kbQdyyBUUk/Q==}
    engines: {node: '>= 10'}
    cpu: [arm64]
    os: [darwin]

  '@tauri-apps/cli-darwin-x64@2.11.5':
    resolution: {integrity: sha512-SrO+KCbqvG1IvVPdlzQX4GEGZRQDISrmDY9bGcW68DLVFBCC06H+Loz6oyUZETUxsSMR6B4oDfvbQVgD4hxsqQ==}
    engines: {node: '>= 10'}
    cpu: [x64]
    os: [darwin]

  '@tauri-apps/cli-linux-arm-gnueabihf@2.11.5':
    resolution: {integrity: sha512-qLrOaCa8hLD5QVPQRjAgOXvhlTFKXmTliVF773GgvADYcWZSdmncnF5zBFAkdu1uQK8KfQbDlBUwqQYZqBfBRQ==}
    engines: {node: '>= 10'}
    cpu: [arm]
    os: [linux]

  '@tauri-apps/cli-linux-arm64-gnu@2.11.5':
    resolution: {integrity: sha512-Tq32xpQjiQEdIrvwDq7lwHhXemn070CXWdbCvr9rdi9rsv9NFTbQ6izVSIfNE+59QaerxuwtUtZ5IxDNWaoYBw==}
    engines: {node: '>= 10'}
    cpu: [arm64]
    os: [linux]
    libc: [glibc]

  '@tauri-apps/cli-linux-arm64-musl@2.11.5':
    resolution: {integrity: sha512-+OdWKj5Aq+C8HXypQ4t926V8cpVnc0ZcJIdhTXWjVAJHkaNuo8EuQR6KRZKHWIbJJgKdMPCDosvwzIFaBBqHKQ==}
    engines: {node: '>= 10'}
    cpu: [arm64]
    os: [linux]
    libc: [musl]

  '@tauri-apps/cli-linux-riscv64-gnu@2.11.5':
    resolution: {integrity: sha512-Q0V2hjpllyDW8dWQZSsITuQDfcY9BpBZuhXkMa2T5AFLZAn+FJPXQSyvnxWNVxRowdQ59Xn0QVtGm6HEHNUEvw==}
    engines: {node: '>= 10'}
    cpu: [riscv64]
    os: [linux]
    libc: [glibc]

  '@tauri-apps/cli-linux-x64-gnu@2.11.5':
    resolution: {integrity: sha512-Xz1s87gFjZJZMQKAhLa77YeiCJM6yVog3f9OxDgVd/KxDIoB1dA5V2xOnMM+SRkOGk9juwIBqesVAjV0kUB0DA==}
    engines: {node: '>= 10'}
    cpu: [x64]
    os: [linux]
    libc: [glibc]

  '@tauri-apps/cli-linux-x64-musl@2.11.5':
    resolution: {integrity: sha512-6A88wqAZXZHgMaBrGiy/Bpa4GgUnftXM7uquKOeOXCuK78/XdBxEECicK/1oHgrT179XBFOaA6lQEHysjRmGig==}
    engines: {node: '>= 10'}
    cpu: [x64]
    os: [linux]
    libc: [musl]

  '@tauri-apps/cli-win32-arm64-msvc@2.11.5':
    resolution: {integrity: sha512-sRGgF/ObRfLcS3PtUdyTbJtkGq3E+PNZTknvAURwMNUtHw9DU/BF6S5si43y9lS5yEO9bWJCA+GGYvnn6cphQw==}
    engines: {node: '>= 10'}
    cpu: [arm64]
    os: [win32]

  '@tauri-apps/cli-win32-ia32-msvc@2.11.5':
    resolution: {integrity: sha512-bHOv/yxqfKpI7ioIFQi5wOfZ7jkbPzJD/UhXY52I/hrmE3qNh71cohIPyqZB5GQn3LZeJWdCUOqmIg/w6XX+Wg==}
    engines: {node: '>= 10'}
    cpu: [ia32]
    os: [win32]

  '@tauri-apps/cli-win32-x64-msvc@2.11.5':
    resolution: {integrity: sha512-vaaOmavqdCeS7oMib2banBZemgrC5v54tSkwoBV+bxrXQZhQZrOwE2EO2i4x+CHNtvQUM/6bSs3iymZMAsycWg==}
    engines: {node: '>= 10'}
    cpu: [x64]
    os: [win32]

  '@tauri-apps/cli@2.11.5':
    resolution: {integrity: sha512-YbeJ6tctNoo40purO4u3Eeo3RVqmsjJr0NoKQRu+4pvO4gMLzkjta7x0k96SxSLmx+rQ+8um1ThOlw+HLpgFug==}
    engines: {node: '>= 10'}
    hasBin: true

  '@types/bun@1.3.14':
    resolution: {integrity: sha1-vYtECRmiWHrd4xGmF6kgTzS4qMI=}

  '@types/node@26.6.2':
    resolution: {integrity: sha512-X1P21scMv4zGKLYqjdGjaKa7COa0RKVYYZZN/NfvLQ1JegxFhdhpZG/Lyn8AXx6CDUavKAd11v6BvfpkDByK8g==}

  accepts@2.0.0:
    resolution: {integrity: sha1-u89LpQdUZ/PyEx6rPP/HPC9deJU=}
    engines: {node: '>= 0.6'}

  ajv-formats@3.0.1:
    resolution: {integrity: sha1-PV3HYryhdnnDwup+kK1rdTIwlXg=}
    peerDependencies:
      ajv: ^8.0.0
    peerDependenciesMeta:
      ajv:
        optional: true

  ajv@8.20.0:
    resolution: {integrity: sha1-MEs2Nq3Yi6fZNnYN1Q7OAG3qlfk=}

  body-parser@2.3.0:
    resolution: {integrity: sha1-bYZi9NjDNgKLismqJCUbDKZLpDc=}
    engines: {node: '>=18'}

  bun-types@1.3.14:
    resolution: {integrity: sha1-qP4lOfxcWa5F8f3BjfyfjV6ruvQ=}

  bun@1.4.2:
    resolution: {integrity: sha1-eecqWDGYvDzavlaciqg9nwFNbz0=}
    cpu: [arm64, x64]
    os: [darwin, linux, android, freebsd, win32]
    hasBin: true

  bytes@3.1.2:
    resolution: {integrity: sha1-iwvuuYYFrfGxKPpDhkA8AJ4CIaU=}
    engines: {node: '>= 0.8'}

  call-bind-apply-helpers@1.0.2:
    resolution: {integrity: sha1-S1QowiK+mF15w9gmV0edvgtZstY=}
    engines: {node: '>= 0.4'}

  call-bound@1.0.4:
    resolution: {integrity: sha1-I43pNdKippKSjFOMfM+pEGf9Bio=}
    engines: {node: '>= 0.4'}

  content-disposition@1.1.0:
    resolution: {integrity: sha1-89t4nHUtRVZMx+nh4LMXkNSjjhc=}
    engines: {node: '>=18'}

  content-type@1.0.5:
    resolution: {integrity: sha1-i3cxYmVtHRCGeEyPI6VM5tc9eRg=}
    engines: {node: '>= 0.6'}

  content-type@2.1.0:
    resolution: {integrity: sha1-2TicQ8Coz2o1XbRk0h4HCSpASTo=}
    engines: {node: '>=18'}

  cookie-signature@1.2.2:
    resolution: {integrity: sha1-V8f8PMKTrKuf7FTXPhVpDr5KF5M=}
    engines: {node: '>=6.6.0'}

  cookie@0.7.2:
    resolution: {integrity: sha1-VWNpxHKiupEPKXmJG1JrNDYjftc=}
    engines: {node: '>= 0.6'}

  cors@2.8.6:
    resolution: {integrity: sha1-/13Wm9leVHUDgg0pq6T4+vjf7JY=}
    engines: {node: '>= 0.10'}

  cross-spawn@7.0.6:
    resolution: {integrity: sha1-ilj+ePANzXDDcEUXWd+/rwPo7p8=}
    engines: {node: '>= 8'}

  debug@4.4.3:
    resolution: {integrity: sha1-xq5DLZvZZiWC/OCHCbA4xY6ePWo=}
    engines: {node: '>=6.0'}
    peerDependencies:
      supports-color: '*'
    peerDependenciesMeta:
      supports-color:
        optional: true

  depd@2.0.0:
    resolution: {integrity: sha1-tpYWPMdXVg0JzyLMj60Vcbeedt8=}
    engines: {node: '>= 0.8'}

  dunder-proto@1.0.1:
    resolution: {integrity: sha1-165mfh3INIL4tw/Q9u78UNow9Yo=}
    engines: {node: '>= 0.4'}

  ee-first@1.1.1:
    resolution: {integrity: sha1-WQxhFWsK4vTwJVcyoViyZrxWsh0=}

  encodeurl@2.0.0:
    resolution: {integrity: sha1-e46omAd9fkCdOsRUdOo46vCFelg=}
    engines: {node: '>= 0.8'}

  es-define-property@1.0.1:
    resolution: {integrity: sha1-mD6y+aZyTpMD9hrd8BHHLgngsPo=}
    engines: {node: '>= 0.4'}

  es-errors@1.3.0:
    resolution: {integrity: sha1-BfdaJdq5jk+x3NXhRywFRtUFfI8=}
    engines: {node: '>= 0.4'}

  es-object-atoms@1.1.2:
    resolution: {integrity: sha1-otCzcyBXJN+lJdI7DD4bHKWCyZs=}
    engines: {node: '>= 0.4'}

  escape-html@1.0.3:
    resolution: {integrity: sha1-Aljq5NPQwJdN4cFpGI7wBR0dGYg=}

  etag@1.8.1:
    resolution: {integrity: sha1-Qa4u62XvpiJorr/qg6x9eSmbCIc=}
    engines: {node: '>= 0.6'}

  eventsource-parser@3.1.1:
    resolution: {integrity: sha1-uWy7fazk83dPWKnjsa6aSlJIcuI=}
    engines: {node: '>=18.0.0'}

  eventsource@3.0.7:
    resolution: {integrity: sha1-EVdiLi9Td7tq7yEUNycougwVaYk=}
    engines: {node: '>=18.0.0'}

  express-rate-limit@8.7.0:
    resolution: {integrity: sha1-h3OaNTXn2zyoe0p3sexcwsCnEeQ=}
    engines: {node: '>= 16'}
    peerDependencies:
      express: '>= 4.11'

  express@5.2.1:
    resolution: {integrity: sha1-jyHRW20yf5K0eU7PjLCKcvlWrAQ=}
    engines: {node: '>= 18'}

  fast-deep-equal@3.1.3:
    resolution: {integrity: sha1-On1WtVnWy8PrUSMlJE5hmmXGxSU=}

  fast-sha256@1.3.0:
    resolution: {integrity: sha1-eRa6IFTuslWYJgjMzQ9mYMebeuY=}

  fast-uri@3.1.8:
    resolution: {integrity: sha512-GZMtZUTNRpOVIECoXwLNZS5xUGE+mVNbTB8h/7Rwh2TFWcBQiPzTgyZi05BF9UMZKkLJv8XBRJTlU7zg8+ZfMg==}

  finalhandler@2.1.1:
    resolution: {integrity: sha1-osUXplWYUrzbBtH4vX9Rto+tgJk=}
    engines: {node: '>= 18.0.0'}

  forwarded@0.2.0:
    resolution: {integrity: sha1-ImmTZCiq1MFcfr6XeahL8LKoGBE=}
    engines: {node: '>= 0.6'}

  fresh@2.0.0:
    resolution: {integrity: sha1-jdffahs6Gzpc8YbAWl3SZ2ImNaQ=}
    engines: {node: '>= 0.8'}

  function-bind@1.1.2:
    resolution: {integrity: sha1-LALYZNl/PqbIgwxGTL0Rq26rehw=}

  get-intrinsic@1.3.0:
    resolution: {integrity: sha1-dD8OO2lkqTpUke0b/6rgVNf5jQE=}
    engines: {node: '>= 0.4'}

  get-proto@1.0.1:
    resolution: {integrity: sha1-FQs/J0OGnvPoUewMSdFbHRTQDuE=}
    engines: {node: '>= 0.4'}

  gopd@1.2.0:
    resolution: {integrity: sha1-ifVrghe9vIgCvSmd9tfxCB1+UaE=}
    engines: {node: '>= 0.4'}

  has-symbols@1.1.0:
    resolution: {integrity: sha1-/JxqeDoISVHQuXH+EBjegTcHozg=}
    engines: {node: '>= 0.4'}

  hasown@2.0.4:
    resolution: {integrity: sha1-jGLYy5C+sqrV0KW2dYGtmFTD8AM=}
    engines: {node: '>= 0.4'}

  hono@4.13.8:
    resolution: {integrity: sha512-/Gng7NfoykZl2pjukW5Z6+8Yxm3BPRf86GTbQnt0SbySkvax4fyL4H3HhY1cCpBGmiW9XDRFzRV+CXK2W8QudQ==}
    engines: {node: '>=16.9.0'}

  http-errors@2.0.1:
    resolution: {integrity: sha1-NtL2W8kJyHkAGN02+02T2myq4Gs=}
    engines: {node: '>= 0.8'}

  iconv-lite@0.7.3:
    resolution: {integrity: sha1-hO4S+WPn3lC8AaE+FgoHizsPQV8=}
    engines: {node: '>=0.10.0'}

  inherits@2.0.4:
    resolution: {integrity: sha1-D6LGT5MpF8NDOg3tVTY6rjdBa3w=}

  ip-address@10.7.2:
    resolution: {integrity: sha512-7H/2gFSIitxc0hG3nOI1glS8QLo/EHBFFLk8vEUjXY/xu0AdL8jZ9U1IzO2PUm0d2D/ofQcAifb0g6OBkt8U7w==}
    engines: {node: '>= 12'}

  ipaddr.js@1.9.1:
    resolution: {integrity: sha1-v/OFQ+64mEglB5/zoqjmy9RngbM=}
    engines: {node: '>= 0.10'}

  is-promise@4.0.0:
    resolution: {integrity: sha1-Qv+fhCBsGZHSbev1IN1cAQQt0vM=}

  isexe@2.0.0:
    resolution: {integrity: sha1-6PvzdNxVb/iUehDcsFctYz8s+hA=}

  jose@6.2.12:
    resolution: {integrity: sha1-ZWY+FG7dAQuY7Og/gXN9Oqlf0Nc=}

  json-schema-to-ts@3.1.1:
    resolution: {integrity: sha1-gfOsr1o0c2SS9vX1GHDvns4cqFM=}
    engines: {node: '>=16'}

  json-schema-traverse@1.0.0:
    resolution: {integrity: sha1-rnvLNlard6c7pcSb9lTzjmtoYOI=}

  json-schema-typed@8.0.2:
    resolution: {integrity: sha1-6Y7nsYmf9KGEU00fFnwojGa77/Q=}

  marked@18.0.14:
    resolution: {integrity: sha512-mBHK6FBHuBAlhgRe88w9F0O1AbwwXJUcQibUbC/QcdTbVGAD7aWza+xt3N6oT/jCZx3/OMeS+8rnuiHZcQ9s7A==}
    engines: {node: '>= 20'}
    hasBin: true

  math-intrinsics@1.1.0:
    resolution: {integrity: sha1-oN10voHiqlwvJ+Zc4oNgXuTit/k=}
    engines: {node: '>= 0.4'}

  media-typer@1.1.1:
    resolution: {integrity: sha1-bwNUAN/jq51WB7x3VGzjDML5xrg=}
    engines: {node: '>= 0.8'}

  merge-descriptors@2.0.0:
    resolution: {integrity: sha1-6pIvZgY1oiSe5WXgRJ+VHmtgOAg=}
    engines: {node: '>=18'}

  mime-db@1.54.0:
    resolution: {integrity: sha1-zds+5PnGRTDf9kAjZmHULLajFPU=}
    engines: {node: '>= 0.6'}

  mime-types@3.0.2:
    resolution: {integrity: sha1-OQAtQYJXXVrwNv+hGBAPJSSy4qs=}
    engines: {node: '>=18'}

  ms@2.1.3:
    resolution: {integrity: sha1-V0yBOM4dK1hh8LRFedut1gxmFbI=}

  negotiator@1.1.0:
    resolution: {integrity: sha1-FuAD0NtKwk/Z3xaO34cWJd7q498=}
    engines: {node: '>=18'}

  object-assign@4.1.1:
    resolution: {integrity: sha1-IQmtx5ZYh8/AXLvUQsrIv7s2CGM=}
    engines: {node: '>=0.10.0'}

  object-inspect@1.13.4:
    resolution: {integrity: sha1-g3UmXiG8IND6WCwi4bE0hdbgAhM=}
    engines: {node: '>= 0.4'}

  on-finished@2.4.1:
    resolution: {integrity: sha1-WMjEQRblSEWtV/FKsQsDUzGErD8=}
    engines: {node: '>= 0.8'}

  once@1.4.0:
    resolution: {integrity: sha1-WDsap3WWHUsROsF9nFC6753Xa9E=}

  parseurl@1.3.3:
    resolution: {integrity: sha1-naGee+6NEt/wUT7Vt2lXeTvC6NQ=}
    engines: {node: '>= 0.8'}

  path-key@3.1.1:
    resolution: {integrity: sha1-WB9q3mWMu6ZaDTOA3ndTKVBU83U=}
    engines: {node: '>=8'}

  path-to-regexp@8.4.2:
    resolution: {integrity: sha1-eVxCDE98pFxbiHNm9iLuDJhSzM0=}

  pkce-challenge@5.0.1:
    resolution: {integrity: sha1-O0RGhlsXsXRems4gFqMfSN32Iw0=}
    engines: {node: '>=16.20.0'}

  proxy-addr@2.0.8:
    resolution: {integrity: sha512-5nnx0yGyVUcY6t9RnWcARWtwT9F1D8O9rt08htPvnd49W1IgZtmLkhu9WfMzQj1cFxjHIO6connUNVW5k7AVyQ==}
    engines: {node: '>= 0.10'}

  qs@6.16.0:
    resolution: {integrity: sha1-wixyOiipIPOqzc6Cifq9Q+zLef0=}
    engines: {node: '>=0.6'}

  range-parser@1.3.0:
    resolution: {integrity: sha1-1/Gb6BK7YnIUcrRdO+IZ7wlXK0c=}
    engines: {node: '>= 0.6'}

  raw-body@3.0.2:
    resolution: {integrity: sha1-PjraWuVWj5CV2EN2/TpJuPsAClE=}
    engines: {node: '>= 0.10'}

  require-from-string@2.0.2:
    resolution: {integrity: sha1-iaf92TgmEmcxjq/hT5wy5ZjDaQk=}
    engines: {node: '>=0.10.0'}

  router@2.2.0:
    resolution: {integrity: sha1-AZvmILcRyHZBFnzHm5kJDwCxRu8=}
    engines: {node: '>= 18'}

  safer-buffer@2.1.2:
    resolution: {integrity: sha1-RPoWGwGHuVSd2Eu5GAL5vYOFzWo=}

  send@1.2.1:
    resolution: {integrity: sha1-nqt0O4dPNVD0CiaGe/KGrWDT8+0=}
    engines: {node: '>= 18'}

  serve-static@2.2.1:
    resolution: {integrity: sha1-fxhqSk5fW2Y616QpT/G/N88OmKk=}
    engines: {node: '>= 18'}

  setprototypeof@1.2.0:
    resolution: {integrity: sha1-ZsmiSnP5/CjL5msJ/tPTPcrxtCQ=}

  shebang-command@2.0.0:
    resolution: {integrity: sha1-zNCvT4g1+9wmW4JGGq8MNmY/NOo=}
    engines: {node: '>=8'}

  shebang-regex@3.0.0:
    resolution: {integrity: sha1-rhbxZE2HPsrYQ7AwexQzYtTEIXI=}
    engines: {node: '>=8'}

  side-channel-list@1.0.1:
    resolution: {integrity: sha1-wuC1oUpUCuvuO7xsP4ZmzJtQkSc=}
    engines: {node: '>= 0.4'}

  side-channel-map@1.0.1:
    resolution: {integrity: sha1-1rtrN5Asb+9RdOX1M/q0xzKib0I=}
    engines: {node: '>= 0.4'}

  side-channel-weakmap@1.0.2:
    resolution: {integrity: sha1-Ed2hnVNo5Azp7CvcH7DsvAeQ7Oo=}
    engines: {node: '>= 0.4'}

  side-channel@1.1.1:
    resolution: {integrity: sha1-6gLGLgXcS+pn1EQvD7ce4ZL44Ks=}
    engines: {node: '>= 0.4'}

  standardwebhooks@1.1.1:
    resolution: {integrity: sha1-JbmPorvk7a17QneBNckjVj49Xi8=}

  statuses@2.0.2:
    resolution: {integrity: sha1-j3XuzvdlteHPzcCA2llAntQk44I=}
    engines: {node: '>= 0.8'}

  toidentifier@1.0.1:
    resolution: {integrity: sha1-O+NDIaiKgg7RvYDfqjPkefu43TU=}
    engines: {node: '>=0.6'}

  ts-algebra@2.0.0:
    resolution: {integrity: sha1-Tj4JU4ePJlGPzn9rsRUGSmU4i3o=}

  type-is@2.1.0:
    resolution: {integrity: sha1-cdGnBTKTWC4WrJ8+uvGrmqSeVXA=}
    engines: {node: '>= 18'}

  typescript@5.9.3:
    resolution: {integrity: sha1-W09Z4VMQqxeiFvXWz1PuR27eZw8=}
    engines: {node: '>=14.17'}
    hasBin: true

  undici-types@8.9.0:
    resolution: {integrity: sha1-4kDZfItdheU0fOc9JYZceQbB7J8=}

  unpipe@1.0.0:
    resolution: {integrity: sha1-sr9O6FFKrmFltIF4KdIbLvSZBOw=}
    engines: {node: '>= 0.8'}

  vary@1.1.2:
    resolution: {integrity: sha1-IpnwLG3tMNSllhsLn3RSShj2NPw=}
    engines: {node: '>= 0.8'}

  which@2.0.2:
    resolution: {integrity: sha1-fGqN0KY2oDJ+ELWckobu6T8/UbE=}
    engines: {node: '>= 8'}
    hasBin: true

  wrappy@1.0.2:
    resolution: {integrity: sha1-tSQ9jz7BqjXxNkYFvA0QNuMKtp8=}

  zod-to-json-schema@3.25.2:
    resolution: {integrity: sha1-P6eZp7rdVUVBRy+2WEP9xGCy5ao=}
    peerDependencies:
      zod: ^3.25.28 || ^4

  zod@4.6.5:
    resolution: {integrity: sha512-v5l/aFXZQeai4awLbOpSoHecE9UiMrnfx75tEXLjNonXVARxQ5mOeipTjROUchszUNCqnE+hqAMujRsRHsut2Q==}

snapshots:

  '@anthropic-ai/claude-agent-sdk-darwin-arm64@0.3.278':
    optional: true

  '@anthropic-ai/claude-agent-sdk-darwin-x64@0.3.278':
    optional: true

  '@anthropic-ai/claude-agent-sdk-linux-arm64-musl@0.3.278':
    optional: true

  '@anthropic-ai/claude-agent-sdk-linux-arm64@0.3.278':
    optional: true

  '@anthropic-ai/claude-agent-sdk-linux-x64-musl@0.3.278':
    optional: true

  '@anthropic-ai/claude-agent-sdk-linux-x64@0.3.278':
    optional: true

  '@anthropic-ai/claude-agent-sdk-win32-arm64@0.3.278':
    optional: true

  '@anthropic-ai/claude-agent-sdk-win32-x64@0.3.278':
    optional: true

  '@anthropic-ai/claude-agent-sdk@0.3.278(@anthropic-ai/sdk@0.127.0(zod@4.6.5))(@modelcontextprotocol/sdk@1.30.0(zod@4.6.5))(zod@4.6.5)':
    dependencies:
      '@anthropic-ai/sdk': 0.127.0(zod@4.6.5)
      '@modelcontextprotocol/sdk': 1.30.0(zod@4.6.5)
      zod: 4.6.5
    optionalDependencies:
      '@anthropic-ai/claude-agent-sdk-darwin-arm64': 0.3.278
      '@anthropic-ai/claude-agent-sdk-darwin-x64': 0.3.278
      '@anthropic-ai/claude-agent-sdk-linux-arm64': 0.3.278
      '@anthropic-ai/claude-agent-sdk-linux-arm64-musl': 0.3.278
      '@anthropic-ai/claude-agent-sdk-linux-x64': 0.3.278
      '@anthropic-ai/claude-agent-sdk-linux-x64-musl': 0.3.278
      '@anthropic-ai/claude-agent-sdk-win32-arm64': 0.3.278
      '@anthropic-ai/claude-agent-sdk-win32-x64': 0.3.278

  '@anthropic-ai/sdk@0.127.0(zod@4.6.5)':
    dependencies:
      json-schema-to-ts: 3.1.1
      standardwebhooks: 1.1.1
    optionalDependencies:
      zod: 4.6.5

  '@babel/runtime@7.29.7': {}

  '@hono/node-server@2.1.1(hono@4.13.8)':
    dependencies:
      hono: 4.13.8

  '@modelcontextprotocol/sdk@1.30.0(zod@4.6.5)':
    dependencies:
      '@hono/node-server': 2.1.1(hono@4.13.8)
      ajv: 8.20.0
      ajv-formats: 3.0.1(ajv@8.20.0)
      content-type: 1.0.5
      cors: 2.8.6
      cross-spawn: 7.0.6
      eventsource: 3.0.7
      eventsource-parser: 3.1.1
      express: 5.2.1
      express-rate-limit: 8.7.0(express@5.2.1)
      hono: 4.13.8
      jose: 6.2.12
      json-schema-typed: 8.0.2
      pkce-challenge: 5.0.1
      raw-body: 3.0.2
      zod: 4.6.5
      zod-to-json-schema: 3.25.2(zod@4.6.5)
    transitivePeerDependencies:
      - supports-color

  '@oven/bun-darwin-aarch64@1.4.2':
    optional: true

  '@oven/bun-darwin-x64@1.4.2':
    optional: true

  '@oven/bun-freebsd-aarch64@1.4.2':
    optional: true

  '@oven/bun-freebsd-x64@1.4.2':
    optional: true

  '@oven/bun-linux-aarch64-android@1.4.2':
    optional: true

  '@oven/bun-linux-aarch64-musl@1.4.2':
    optional: true

  '@oven/bun-linux-aarch64@1.4.2':
    optional: true

  '@oven/bun-linux-x64-android@1.4.2':
    optional: true

  '@oven/bun-linux-x64-musl@1.4.2':
    optional: true

  '@oven/bun-linux-x64@1.4.2':
    optional: true

  '@oven/bun-windows-aarch64@1.4.2':
    optional: true

  '@oven/bun-windows-x64@1.4.2':
    optional: true

  '@stablelib/base64@1.0.1': {}

  '@tauri-apps/cli-darwin-arm64@2.11.5':
    optional: true

  '@tauri-apps/cli-darwin-x64@2.11.5':
    optional: true

  '@tauri-apps/cli-linux-arm-gnueabihf@2.11.5':
    optional: true

  '@tauri-apps/cli-linux-arm64-gnu@2.11.5':
    optional: true

  '@tauri-apps/cli-linux-arm64-musl@2.11.5':
    optional: true

  '@tauri-apps/cli-linux-riscv64-gnu@2.11.5':
    optional: true

  '@tauri-apps/cli-linux-x64-gnu@2.11.5':
    optional: true

  '@tauri-apps/cli-linux-x64-musl@2.11.5':
    optional: true

  '@tauri-apps/cli-win32-arm64-msvc@2.11.5':
    optional: true

  '@tauri-apps/cli-win32-ia32-msvc@2.11.5':
    optional: true

  '@tauri-apps/cli-win32-x64-msvc@2.11.5':
    optional: true

  '@tauri-apps/cli@2.11.5':
    optionalDependencies:
      '@tauri-apps/cli-darwin-arm64': 2.11.5
      '@tauri-apps/cli-darwin-x64': 2.11.5
      '@tauri-apps/cli-linux-arm-gnueabihf': 2.11.5
      '@tauri-apps/cli-linux-arm64-gnu': 2.11.5
      '@tauri-apps/cli-linux-arm64-musl': 2.11.5
      '@tauri-apps/cli-linux-riscv64-gnu': 2.11.5
      '@tauri-apps/cli-linux-x64-gnu': 2.11.5
      '@tauri-apps/cli-linux-x64-musl': 2.11.5
      '@tauri-apps/cli-win32-arm64-msvc': 2.11.5
      '@tauri-apps/cli-win32-ia32-msvc': 2.11.5
      '@tauri-apps/cli-win32-x64-msvc': 2.11.5

  '@types/bun@1.3.14':
    dependencies:
      bun-types: 1.3.14

  '@types/node@26.6.2':
    dependencies:
      undici-types: 8.9.0

  accepts@2.0.0:
    dependencies:
      mime-types: 3.0.2
      negotiator: 1.1.0

  ajv-formats@3.0.1(ajv@8.20.0):
    optionalDependencies:
      ajv: 8.20.0

  ajv@8.20.0:
    dependencies:
      fast-deep-equal: 3.1.3
      fast-uri: 3.1.8
      json-schema-traverse: 1.0.0
      require-from-string: 2.0.2

  body-parser@2.3.0:
    dependencies:
      bytes: 3.1.2
      content-type: 2.1.0
      debug: 4.4.3
      http-errors: 2.0.1
      iconv-lite: 0.7.3
      on-finished: 2.4.1
      qs: 6.16.0
      raw-body: 3.0.2
      type-is: 2.1.0
    transitivePeerDependencies:
      - supports-color

  bun-types@1.3.14:
    dependencies:
      '@types/node': 26.6.2

  bun@1.4.2:
    optionalDependencies:
      '@oven/bun-darwin-aarch64': 1.4.2
      '@oven/bun-darwin-x64': 1.4.2
      '@oven/bun-freebsd-aarch64': 1.4.2
      '@oven/bun-freebsd-x64': 1.4.2
      '@oven/bun-linux-aarch64': 1.4.2
      '@oven/bun-linux-aarch64-android': 1.4.2
      '@oven/bun-linux-aarch64-musl': 1.4.2
      '@oven/bun-linux-x64': 1.4.2
      '@oven/bun-linux-x64-android': 1.4.2
      '@oven/bun-linux-x64-musl': 1.4.2
      '@oven/bun-windows-aarch64': 1.4.2
      '@oven/bun-windows-x64': 1.4.2

  bytes@3.1.2: {}

  call-bind-apply-helpers@1.0.2:
    dependencies:
      es-errors: 1.3.0
      function-bind: 1.1.2

  call-bound@1.0.4:
    dependencies:
      call-bind-apply-helpers: 1.0.2
      get-intrinsic: 1.3.0

  content-disposition@1.1.0: {}

  content-type@1.0.5: {}

  content-type@2.1.0: {}

  cookie-signature@1.2.2: {}

  cookie@0.7.2: {}

  cors@2.8.6:
    dependencies:
      object-assign: 4.1.1
      vary: 1.1.2

  cross-spawn@7.0.6:
    dependencies:
      path-key: 3.1.1
      shebang-command: 2.0.0
      which: 2.0.2

  debug@4.4.3:
    dependencies:
      ms: 2.1.3

  depd@2.0.0: {}

  dunder-proto@1.0.1:
    dependencies:
      call-bind-apply-helpers: 1.0.2
      es-errors: 1.3.0
      gopd: 1.2.0

  ee-first@1.1.1: {}

  encodeurl@2.0.0: {}

  es-define-property@1.0.1: {}

  es-errors@1.3.0: {}

  es-object-atoms@1.1.2:
    dependencies:
      es-errors: 1.3.0

  escape-html@1.0.3: {}

  etag@1.8.1: {}

  eventsource-parser@3.1.1: {}

  eventsource@3.0.7:
    dependencies:
      eventsource-parser: 3.1.1

  express-rate-limit@8.7.0(express@5.2.1):
    dependencies:
      debug: 4.4.3
      express: 5.2.1
      ip-address: 10.7.2
    transitivePeerDependencies:
      - supports-color

  express@5.2.1:
    dependencies:
      accepts: 2.0.0
      body-parser: 2.3.0
      content-disposition: 1.1.0
      content-type: 1.0.5
      cookie: 0.7.2
      cookie-signature: 1.2.2
      debug: 4.4.3
      depd: 2.0.0
      encodeurl: 2.0.0
      escape-html: 1.0.3
      etag: 1.8.1
      finalhandler: 2.1.1
      fresh: 2.0.0
      http-errors: 2.0.1
      merge-descriptors: 2.0.0
      mime-types: 3.0.2
      on-finished: 2.4.1
      once: 1.4.0
      parseurl: 1.3.3
      proxy-addr: 2.0.8
      qs: 6.16.0
      range-parser: 1.3.0
      router: 2.2.0
      send: 1.2.1
      serve-static: 2.2.1
      statuses: 2.0.2
      type-is: 2.1.0
      vary: 1.1.2
    transitivePeerDependencies:
      - supports-color

  fast-deep-equal@3.1.3: {}

  fast-sha256@1.3.0: {}

  fast-uri@3.1.8: {}

  finalhandler@2.1.1:
    dependencies:
      debug: 4.4.3
      encodeurl: 2.0.0
      escape-html: 1.0.3
      on-finished: 2.4.1
      parseurl: 1.3.3
      statuses: 2.0.2
    transitivePeerDependencies:
      - supports-color

  forwarded@0.2.0: {}

  fresh@2.0.0: {}

  function-bind@1.1.2: {}

  get-intrinsic@1.3.0:
    dependencies:
      call-bind-apply-helpers: 1.0.2
      es-define-property: 1.0.1
      es-errors: 1.3.0
      es-object-atoms: 1.1.2
      function-bind: 1.1.2
      get-proto: 1.0.1
      gopd: 1.2.0
      has-symbols: 1.1.0
      hasown: 2.0.4
      math-intrinsics: 1.1.0

  get-proto@1.0.1:
    dependencies:
      dunder-proto: 1.0.1
      es-object-atoms: 1.1.2

  gopd@1.2.0: {}

  has-symbols@1.1.0: {}

  hasown@2.0.4:
    dependencies:
      function-bind: 1.1.2

  hono@4.13.8: {}

  http-errors@2.0.1:
    dependencies:
      depd: 2.0.0
      inherits: 2.0.4
      setprototypeof: 1.2.0
      statuses: 2.0.2
      toidentifier: 1.0.1

  iconv-lite@0.7.3:
    dependencies:
      safer-buffer: 2.1.2

  inherits@2.0.4: {}

  ip-address@10.7.2: {}

  ipaddr.js@1.9.1: {}

  is-promise@4.0.0: {}

  isexe@2.0.0: {}

  jose@6.2.12: {}

  json-schema-to-ts@3.1.1:
    dependencies:
      '@babel/runtime': 7.29.7
      ts-algebra: 2.0.0

  json-schema-traverse@1.0.0: {}

  json-schema-typed@8.0.2: {}

  marked@18.0.14: {}

  math-intrinsics@1.1.0: {}

  media-typer@1.1.1: {}

  merge-descriptors@2.0.0: {}

  mime-db@1.54.0: {}

  mime-types@3.0.2:
    dependencies:
      mime-db: 1.54.0

  ms@2.1.3: {}

  negotiator@1.1.0:
    dependencies:
      content-type: 2.1.0

  object-assign@4.1.1: {}

  object-inspect@1.13.4: {}

  on-finished@2.4.1:
    dependencies:
      ee-first: 1.1.1

  once@1.4.0:
    dependencies:
      wrappy: 1.0.2

  parseurl@1.3.3: {}

  path-key@3.1.1: {}

  path-to-regexp@8.4.2: {}

  pkce-challenge@5.0.1: {}

  proxy-addr@2.0.8:
    dependencies:
      forwarded: 0.2.0
      ipaddr.js: 1.9.1

  qs@6.16.0:
    dependencies:
      es-define-property: 1.0.1
      side-channel: 1.1.1

  range-parser@1.3.0: {}

  raw-body@3.0.2:
    dependencies:
      bytes: 3.1.2
      http-errors: 2.0.1
      iconv-lite: 0.7.3
      unpipe: 1.0.0

  require-from-string@2.0.2: {}

  router@2.2.0:
    dependencies:
      debug: 4.4.3
      depd: 2.0.0
      is-promise: 4.0.0
      parseurl: 1.3.3
      path-to-regexp: 8.4.2
    transitivePeerDependencies:
      - supports-color

  safer-buffer@2.1.2: {}

  send@1.2.1:
    dependencies:
      debug: 4.4.3
      encodeurl: 2.0.0
      escape-html: 1.0.3
      etag: 1.8.1
      fresh: 2.0.0
      http-errors: 2.0.1
      mime-types: 3.0.2
      ms: 2.1.3
      on-finished: 2.4.1
      range-parser: 1.3.0
      statuses: 2.0.2
    transitivePeerDependencies:
      - supports-color

  serve-static@2.2.1:
    dependencies:
      encodeurl: 2.0.0
      escape-html: 1.0.3
      parseurl: 1.3.3
      send: 1.2.1
    transitivePeerDependencies:
      - supports-color

  setprototypeof@1.2.0: {}

  shebang-command@2.0.0:
    dependencies:
      shebang-regex: 3.0.0

  shebang-regex@3.0.0: {}

  side-channel-list@1.0.1:
    dependencies:
      es-errors: 1.3.0
      object-inspect: 1.13.4

  side-channel-map@1.0.1:
    dependencies:
      call-bound: 1.0.4
      es-errors: 1.3.0
      get-intrinsic: 1.3.0
      object-inspect: 1.13.4

  side-channel-weakmap@1.0.2:
    dependencies:
      call-bound: 1.0.4
      es-errors: 1.3.0
      get-intrinsic: 1.3.0
      object-inspect: 1.13.4
      side-channel-map: 1.0.1

  side-channel@1.1.1:
    dependencies:
      es-errors: 1.3.0
      object-inspect: 1.13.4
      side-channel-list: 1.0.1
      side-channel-map: 1.0.1
      side-channel-weakmap: 1.0.2

  standardwebhooks@1.1.1:
    dependencies:
      '@stablelib/base64': 1.0.1
      fast-sha256: 1.3.0

  statuses@2.0.2: {}

  toidentifier@1.0.1: {}

  ts-algebra@2.0.0: {}

  type-is@2.1.0:
    dependencies:
      content-type: 2.1.0
      media-typer: 1.1.1
      mime-types: 3.0.2

  typescript@5.9.3: {}

  undici-types@8.9.0: {}

  unpipe@1.0.0: {}

  vary@1.1.2: {}

  which@2.0.2:
    dependencies:
      isexe: 2.0.0

  wrappy@1.0.2: {}

  zod-to-json-schema@3.25.2(zod@4.6.5):
    dependencies:
      zod: 4.6.5

  zod@4.6.5: {}
